{
  "name": "ShengWen.Client",
  "lockfileVersion": 3,
  "requires": true,
  "packages": {
    "": {
      "dependencies": {
        "@fluentui/react": "^8.123.0"
      }
    },
    "node_modules/@fluentui/date-time-utilities": {
      "version": "8.6.10",
      "resolved": "https://registry.npmjs.org/@fluentui/date-time-utilities/-/date-time-utilities-8.6.10.tgz",
      "integrity": "sha512-Bxq8DIMkFvkpCA1HKtCHdnFwPAnXLz3TkGp9kpi2T6VIv6VtLVSxRn95mbsUydpP9Up/DLglp/z9re5YFBGNbw==",
      "dependencies": {
        "@fluentui/set-version": "^8.2.24",
        "tslib": "^2.1.0"
      }
    },
    "node_modules/@fluentui/dom-utilities": {
      "version": "2.3.10",
      "resolved": "https://registry.npmjs.org/@fluentui/dom-utilities/-/dom-utilities-2.3.10.tgz",
      "integrity": "sha512-6WDImiLqTOpkEtfUKSStcTDpzmJfL6ZammomcjawN9xH/8u8G3Hx72CIt2MNck9giw/oUlNLJFdWRAjeP3rmPQ==",
      "dependencies": {
        "@fluentui/set-version": "^8.2.24",
        "tslib": "^2.1.0"
      }
    },
    "node_modules/@fluentui/font-icons-mdl2": {
      "version": "8.5.62",
      "resolved": "https://registry.npmjs.org/@fluentui/font-icons-mdl2/-/font-icons-mdl2-8.5.62.tgz",
      "integrity": "sha512-8yIJ1RlOJIXNS+Ac3dKL8LucFlnAPK3jbzYWRNq7rg1pVSdbtCmFCz1eEAgLxVdAfjx1/9Bei/yQr5Fv7WwV5Q==",
      "dependencies": {
        "@fluentui/set-version": "^8.2.24",
        "@fluentui/style-utilities": "^8.12.2",
        "@fluentui/utilities": "^8.15.22",
        "tslib": "^2.1.0"
      }
    },
    "node_modules/@fluentui/foundation-legacy": {
      "version": "8.4.28",
      "resolved": "https://registry.npmjs.org/@fluentui/foundation-legacy/-/foundation-legacy-8.4.28.tgz",
      "integrity": "sha512-u4ej3J7zl/DG9gYK48uz3QCVu6wLxhDYDCt4YDtz0kjtgWLeK3To3/nn6aRoauMytGzoJpAsJJVy6OQiGGIMBA==",
      "dependencies": {
        "@fluentui/merge-styles": "^8.6.14",
        "@fluentui/set-version": "^8.2.24",
        "@fluentui/style-utilities": "^8.12.2",
        "@fluentui/utilities": "^8.15.22",
        "tslib": "^2.1.0"
      },
      "peerDependencies": {
        "@types/react": ">=16.8.0 <19.0.0",
        "react": ">=16.8.0 <19.0.0"
      }
    },
    "node_modules/@fluentui/keyboard-key": {
      "version": "0.4.23",
      "resolved": "https://registry.npmjs.org/@fluentui/keyboard-key/-/keyboard-key-0.4.23.tgz",
      "integrity": "sha512-9GXeyUqNJUdg5JiQUZeGPiKnRzMRi9YEUn1l9zq6X/imYdMhxHrxpVZS12129cBfgvPyxt9ceJpywSfmLWqlKA==",
      "dependencies": {
        "tslib": "^2.1.0"
      }
    },
    "node_modules/@fluentui/merge-styles": {
      "version": "8.6.14",
      "resolved": "https://registry.npmjs.org/@fluentui/merge-styles/-/merge-styles-8.6.14.tgz",
      "integrity": "sha512-vghuHFAfQgS9WLIIs4kgDOCh/DHd5vGIddP4/bzposhlAVLZR6wUBqldm9AuCdY88r5LyCRMavVJLV+Up3xdvA==",
      "dependencies": {
        "@fluentui/set-version": "^8.2.24",
        "tslib": "^2.1.0"
      }
    },
    "node_modules/@fluentui/react": {
      "version": "8.123.0",
      "resolved": "https://registry.npmjs.org/@fluentui/react/-/react-8.123.0.tgz",
      "integrity": "sha512-ZYZF/YDhnx9gUlsJMxj1DvDRjOsD46HteYAJVbYr5ORfgAk+RpPRnBZXPwFqyJr3IDf9WtCJp2jn2Ahxtm/5oA==",
      "dependencies": {
        "@fluentui/date-time-utilities": "^8.6.10",
        "@fluentui/font-icons-mdl2": "^8.5.62",
        "@fluentui/foundation-legacy": "^8.4.28",
        "@fluentui/merge-styles": "^8.6.14",
        "@fluentui/react-focus": "^8.9.25",
        "@fluentui/react-hooks": "^8.8.19",
        "@fluentui/react-portal-compat-context": "^9.0.13",
        "@fluentui/react-window-provider": "^2.2.30",
        "@fluentui/set-version": "^8.2.24",
        "@fluentui/style-utilities": "^8.12.2",
        "@fluentui/theme": "^2.6.67",
        "@fluentui/utilities": "^8.15.22",
        "@microsoft/load-themed-styles": "^1.10.26",
        "tslib": "^2.1.0"
      },
      "peerDependencies": {
        "@types/react": ">=16.8.0 <19.0.0",
        "@types/react-dom": ">=16.8.0 <19.0.0",
        "react": ">=16.8.0 <19.0.0",
        "react-dom": ">=16.8.0 <19.0.0"
      }
    },
    "node_modules/@fluentui/react-focus": {
      "version": "8.9.25",
      "resolved": "https://registry.npmjs.org/@fluentui/react-focus/-/react-focus-8.9.25.tgz",
      "integrity": "sha512-okDwer2ZHSBVEm6ISY2moruCuxa4Y0+AqP7DdoZpceoaAdHURZyLP3j7wxCEJEMRSoqKu5C6xNGn/Rxd5xPXLw==",
      "dependencies": {
        "@fluentui/keyboard-key": "^0.4.23",
        "@fluentui/merge-styles": "^8.6.14",
        "@fluentui/set-version": "^8.2.24",
        "@fluentui/style-utilities": "^8.12.2",
        "@fluentui/utilities": "^8.15.22",
        "tslib": "^2.1.0"
      },
      "peerDependencies": {
        "@types/react": ">=16.8.0 <19.0.0",
        "react": ">=16.8.0 <19.0.0"
      }
    },
    "node_modules/@fluentui/react-hooks": {
      "version": "8.8.19",
      "resolved": "https://registry.npmjs.org/@fluentui/react-hooks/-/react-hooks-8.8.19.tgz",
      "integrity": "sha512-uXcETVTl2L0G/Ocyb2Rjym96tcJd2NaZ2Hqt6EJcBb9KJD9irNeXjCCxsRNPC5kBDbfrQML2aai+M2kU9lZKNQ==",
      "dependencies": {
        "@fluentui/react-window-provider": "^2.2.30",
        "@fluentui/set-version": "^8.2.24",
        "@fluentui/utilities": "^8.15.22",
        "tslib": "^2.1.0"
      },
      "peerDependencies": {
        "@types/react": ">=16.8.0 <19.0.0",
        "react": ">=16.8.0 <19.0.0"
      }
    },
    "node_modules/@fluentui/react-portal-compat-context": {
      "version": "9.0.13",
      "resolved": "https://registry.npmjs.org/@fluentui/react-portal-compat-context/-/react-portal-compat-context-9.0.13.tgz",
      "integrity": "sha512-N+c6Qs775jnr/4WIzsQuNaRu4v16fa+gGsOCzzU1bqxX0IR9BSjjO2oLGC6luaAOqlQP+JIwn/aumOIJICKXkA==",
      "dependencies": {
        "@swc/helpers": "^0.5.1"
      },
      "peerDependencies": {
        "@types/react": ">=16.14.0 <19.0.0",
        "react": ">=16.14.0 <19.0.0"
      }
    },
    "node_modules/@fluentui/react-window-provider": {
      "version": "2.2.30",
      "resolved": "https://registry.npmjs.org/@fluentui/react-window-provider/-/react-window-provider-2.2.30.tgz",
      "integrity": "sha512-2SXuiZcU29W0D9zfExcTfzVx97OI50YCn5fGGO0bTDuP5VxzTQp1mipAY4qm/yJMMinoXkzBGLl1rK0Tdtxh1w==",
      "dependencies": {
        "@fluentui/set-version": "^8.2.24",
        "tslib": "^2.1.0"
      },
      "peerDependencies": {
        "@types/react": ">=16.8.0 <19.0.0",
        "react": ">=16.8.0 <19.0.0"
      }
    },
    "node_modules/@fluentui/set-version": {
      "version": "8.2.24",
      "resolved": "https://registry.npmjs.org/@fluentui/set-version/-/set-version-8.2.24.tgz",
      "integrity": "sha512-8uNi2ThvNgF+6d3q2luFVVdk/wZV0AbRfJ85kkvf2+oSRY+f6QVK0w13vMorNhA5puumKcZniZoAfUF02w7NSg==",
      "dependencies": {
        "tslib": "^2.1.0"
      }
    },
    "node_modules/@fluentui/style-utilities": {
      "version": "8.12.2",
      "resolved": "https://registry.npmjs.org/@fluentui/style-utilities/-/style-utilities-8.12.2.tgz",
      "integrity": "sha512-inDXaSs3Fj+oM5vIlqws9sQa+zh0Nk1+ZGFGCxsVw9jSGT2OD08Hx5oh4hio3wWqDUa78zZ6VEzGChTaLyOm4g==",
      "dependencies": {
        "@fluentui/merge-styles": "^8.6.14",
        "@fluentui/set-version": "^8.2.24",
        "@fluentui/theme": "^2.6.67",
        "@fluentui/utilities": "^8.15.22",
        "@microsoft/load-themed-styles": "^1.10.26",
        "tslib": "^2.1.0"
      }
    },
    "node_modules/@fluentui/theme": {
      "version": "2.6.67",
      "resolved": "https://registry.npmjs.org/@fluentui/theme/-/theme-2.6.67.tgz",
      "integrity": "sha512-+9+VkIkZ+NCQDXFP6+WV2ChAj/KHphOEDCvGO15w8ql7sqRxeRQACtoWYNq1tAAsodbnq/amCfo2PNy2VIcIOQ==",
      "dependencies": {
        "@fluentui/merge-styles": "^8.6.14",
        "@fluentui/set-version": "^8.2.24",
        "@fluentui/utilities": "^8.15.22",
        "tslib": "^2.1.0"
      },
      "peerDependencies": {
        "@types/react": ">=16.8.0 <19.0.0",
        "react": ">=16.8.0 <19.0.0"
      }
    },
    "node_modules/@fluentui/utilities": {
      "version": "8.15.22",
      "resolved": "https://registry.npmjs.org/@fluentui/utilities/-/utilities-8.15.22.tgz",
      "integrity": "sha512-ZhDO+6dVLjf2BbHizCA2bnVFLPmOSpemsTMtEY/Nr5fhot5+xeoZVBJrr10X6wN0fTdfMketj/+rnkh5hWXljg==",
      "dependencies": {
        "@fluentui/dom-utilities": "^2.3.10",
        "@fluentui/merge-styles": "^8.6.14",
        "@fluentui/react-window-provider": "^2.2.30",
        "@fluentui/set-version": "^8.2.24",
        "tslib": "^2.1.0"
      },
      "peerDependencies": {
        "@types/react": ">=16.8.0 <19.0.0",
        "react": ">=16.8.0 <19.0.0"
      }
    },
    "node_modules/@microsoft/load-themed-styles": {
      "version": "1.10.295",
      "resolved": "https://registry.npmjs.org/@microsoft/load-themed-styles/-/load-themed-styles-1.10.295.tgz",
      "integrity": "sha512-W+IzEBw8a6LOOfRJM02dTT7BDZijxm+Z7lhtOAz1+y9vQm1Kdz9jlAO+qCEKsfxtUOmKilW8DIRqFw2aUgKeGg=="
    },
    "node_modules/@swc/helpers": {
      "version": "0.5.17",
      "resolved": "https://registry.npmjs.org/@swc/helpers/-/helpers-0.5.17.tgz",
      "integrity": "sha512-5IKx/Y13RsYd+sauPb2x+U/xZikHjolzfuDgTAl/Tdf3Q8rslRvC19NKDLgAJQ6wsqADk10ntlv08nPFw/gO/A==",
      "dependencies": {
        "tslib": "^2.8.0"
      }
    },
    "node_modules/tslib": {
      "version": "2.8.1",
      "resolved": "https://registry.npmjs.org/tslib/-/tslib-2.8.1.tgz",
      "integrity": "sha512-oJFu94HQb+KVduSUQL7wnpmqnfmLsOA/nAh6b6EH0wCEoK0/mPeXU6c3wKDV83MkOuHPRHtSXKKU99IBazS/2w=="
    }
  }
}
